lockfileVersion: '6.0'

settings:
  autoInstallPeers: true
  excludeLinksFromLockfile: false

dependencies:
  '@threlte/core':
    specifier: ^7.2.1
    version: 7.2.1(svelte@4.2.12)(three@0.162.0)
  '@threlte/extras':
    specifier: ^8.10.1
    version: 8.10.1(svelte@4.2.12)(three@0.162.0)
  three:
    specifier: ^0.162.0
    version: 0.162.0

packages:

  /@ampproject/remapping@2.3.0:
    resolution: {integrity: sha512-30iZtAPgz+LTIYoeivqYo853f02jBYSd5uGnGpkFV0M3xOt9aN73erkgYAmZU43x4VfqcnLxW9Kpg3R5LC4YYw==}
    engines: {node: '>=6.0.0'}
    dependencies:
      '@jridgewell/gen-mapping': 0.3.5
      '@jridgewell/trace-mapping': 0.3.25
    dev: false

  /@jridgewell/gen-mapping@0.3.5:
    resolution: {integrity: sha512-IzL8ZoEDIBRWEzlCcRhOaCupYyN5gdIK+Q6fbFdPDg6HqX6jpkItn7DFIpW9LQzXG6Df9sA7+OKnq0qlz/GaQg==}
    engines: {node: '>=6.0.0'}
    dependencies:
      '@jridgewell/set-array': 1.2.1
      '@jridgewell/sourcemap-codec': 1.4.15
      '@jridgewell/trace-mapping': 0.3.25
    dev: false

  /@jridgewell/resolve-uri@3.1.2:
    resolution: {integrity: sha512-bRISgCIjP20/tbWSPWMEi54QVPRZExkuD9lJL+UIxUKtwVJA8wW1Trb1jMs1RFXo1CBTNZ/5hpC9QvmKWdopKw==}
    engines: {node: '>=6.0.0'}
    dev: false

  /@jridgewell/set-array@1.2.1:
    resolution: {integrity: sha512-R8gLRTZeyp03ymzP/6Lil/28tGeGEzhx1q2k703KGWRAI1VdvPIXdG70VJc2pAMw3NA6JKL5hhFu1sJX0Mnn/A==}
    engines: {node: '>=6.0.0'}
    dev: false

  /@jridgewell/sourcemap-codec@1.4.15:
    resolution: {integrity: sha512-eF2rxCRulEKXHTRiDrDy6erMYWqNw4LPdQ8UQA4huuxaQsVeRPFl2oM8oDGxMFhJUWZf9McpLtJasDDZb/Bpeg==}
    dev: false

  /@jridgewell/trace-mapping@0.3.25:
    resolution: {integrity: sha512-vNk6aEwybGtawWmy/PzwnGDOjCkLWSD2wqvjGGAgOAwCGWySYXfYoxt00IJkTF+8Lb57DwOb3Aa0o9CApepiYQ==}
    dependencies:
      '@jridgewell/resolve-uri': 3.1.2
      '@jridgewell/sourcemap-codec': 1.4.15
    dev: false

  /@threlte/core@7.2.1(svelte@4.2.12)(three@0.162.0):
    resolution: {integrity: sha512-Erec33Py4xREwwTev56cQw0TVAzvnL/u8jh4QbeO47/12gtNeeeKekDmHYHWLDOfr2cFuEAVHEnF3rFgzMyVqw==}
    peerDependencies:
      svelte: '>=4'
      three: '>=0.152'
    dependencies:
      mitt: 3.0.1
      svelte: 4.2.12
      three: 0.162.0
    dev: false

  /@threlte/extras@8.10.1(svelte@4.2.12)(three@0.162.0):
    resolution: {integrity: sha512-qZYIG9WEZTLXyIxy/B0SJY1nv0M1LzSm/Xn3G6TJs0XUbkJLRA27TxJADykZNfV9nJTBiKbnnhn31Y2w3W+Gmw==}
    peerDependencies:
      svelte: '>=4'
      three: '>=0.152'
    dependencies:
      svelte: 4.2.12
      three: 0.162.0
      three-mesh-bvh: 0.7.3(three@0.162.0)
      three-perf: 1.0.10(three@0.162.0)
      troika-three-text: 0.49.0(three@0.162.0)
    dev: false

  /@types/estree@1.0.5:
    resolution: {integrity: sha512-/kYRxGDLWzHOB7q+wtSUQlFrtcdUccpfy+X+9iMBpHK8QLLhx2wIPYuS5DYtR9Wa/YlZAbIovy7qVdB1Aq6Lyw==}
    dev: false

  /acorn@8.11.3:
    resolution: {integrity: sha512-Y9rRfJG5jcKOE0CLisYbojUjIrIEE7AGMzA/Sm4BslANhbS+cDMpgBdcPT91oJ7OuJ9hYJBx59RjbhxVnrF8Xg==}
    engines: {node: '>=0.4.0'}
    hasBin: true
    dev: false

  /aria-query@5.3.0:
    resolution: {integrity: sha512-b0P0sZPKtyu8HkeRAfCq0IfURZK+SuwMjY1UXGBU27wpAiTwQAIlq56IbIO+ytk/JjS1fMR14ee5WBBfKi5J6A==}
    dependencies:
      dequal: 2.0.3
    dev: false

  /axobject-query@4.0.0:
    resolution: {integrity: sha512-+60uv1hiVFhHZeO+Lz0RYzsVHy5Wr1ayX0mwda9KPDVLNJgZ1T9Ny7VmFbLDzxsH0D87I86vgj3gFrjTJUYznw==}
    dependencies:
      dequal: 2.0.3
    dev: false

  /bidi-js@1.0.3:
    resolution: {integrity: sha512-RKshQI1R3YQ+n9YJz2QQ147P66ELpa1FQEg20Dk8oW9t2KgLbpDLLp9aGZ7y8WHSshDknG0bknqGw5/tyCs5tw==}
    dependencies:
      require-from-string: 2.0.2
    dev: false

  /code-red@1.0.4:
    resolution: {integrity: sha512-7qJWqItLA8/VPVlKJlFXU+NBlo/qyfs39aJcuMT/2ere32ZqvF5OSxgdM5xOfJJ7O429gg2HM47y8v9P+9wrNw==}
    dependencies:
      '@jridgewell/sourcemap-codec': 1.4.15
      '@types/estree': 1.0.5
      acorn: 8.11.3
      estree-walker: 3.0.3
      periscopic: 3.1.0
    dev: false

  /css-tree@2.3.1:
    resolution: {integrity: sha512-6Fv1DV/TYw//QF5IzQdqsNDjx/wc8TrMBZsqjL9eW01tWb7R7k/mq+/VXfJCl7SoD5emsJop9cOByJZfs8hYIw==}
    engines: {node: ^10 || ^12.20.0 || ^14.13.0 || >=15.0.0}
    dependencies:
      mdn-data: 2.0.30
      source-map-js: 1.0.2
    dev: false

  /dequal@2.0.3:
    resolution: {integrity: sha512-0je+qPKHEMohvfRTCEo3CrPG6cAzAYgmzKyxRiYSSDkS6eGJdyVJm7WaYA5ECaAD9wLB2T4EEeymA5aFVcYXCA==}
    engines: {node: '>=6'}
    dev: false

  /estree-walker@3.0.3:
    resolution: {integrity: sha512-7RUKfXgSMMkzt6ZuXmqapOurLGPPfgj6l9uRZ7lRGolvk0y2yocc35LdcxKC5PQZdn2DMqioAQ2NoWcrTKmm6g==}
    dependencies:
      '@types/estree': 1.0.5
    dev: false

  /is-reference@3.0.2:
    resolution: {integrity: sha512-v3rht/LgVcsdZa3O2Nqs+NMowLOxeOm7Ay9+/ARQ2F+qEoANRcqrjAZKGN0v8ymUetZGgkp26LTnGT7H0Qo9Pg==}
    dependencies:
      '@types/estree': 1.0.5
    dev: false

  /locate-character@3.0.0:
    resolution: {integrity: sha512-SW13ws7BjaeJ6p7Q6CO2nchbYEc3X3J6WrmTTDto7yMPqVSZTUyY5Tjbid+Ab8gLnATtygYtiDIJGQRRn2ZOiA==}
    dev: false

  /magic-string@0.30.8:
    resolution: {integrity: sha512-ISQTe55T2ao7XtlAStud6qwYPZjE4GK1S/BeVPus4jrq6JuOnQ00YKQC581RWhR122W7msZV263KzVeLoqidyQ==}
    engines: {node: '>=12'}
    dependencies:
      '@jridgewell/sourcemap-codec': 1.4.15
    dev: false

  /mdn-data@2.0.30:
    resolution: {integrity: sha512-GaqWWShW4kv/G9IEucWScBx9G1/vsFZZJUO+tD26M8J8z3Kw5RDQjaoZe03YAClgeS/SWPOcb4nkFBTEi5DUEA==}
    dev: false

  /mitt@3.0.1:
    resolution: {integrity: sha512-vKivATfr97l2/QBCYAkXYDbrIWPM2IIKEl7YPhjCvKlG3kE2gm+uBo6nEXK3M5/Ffh/FLpKExzOQ3JJoJGFKBw==}
    dev: false

  /periscopic@3.1.0:
    resolution: {integrity: sha512-vKiQ8RRtkl9P+r/+oefh25C3fhybptkHKCZSPlcXiJux2tJF55GnEj3BVn4A5gKfq9NWWXXrxkHBwVPUfH0opw==}
    dependencies:
      '@types/estree': 1.0.5
      estree-walker: 3.0.3
      is-reference: 3.0.2
    dev: false

  /require-from-string@2.0.2:
    resolution: {integrity: sha512-Xf0nWe6RseziFMu+Ap9biiUbmplq6S9/p+7w7YXP/JBHhrUDDUhwa+vANyubuqfZWTveU//DYVGsDG7RKL/vEw==}
    engines: {node: '>=0.10.0'}
    dev: false

  /source-map-js@1.0.2:
    resolution: {integrity: sha512-R0XvVJ9WusLiqTCEiGCmICCMplcCkIwwR11mOSD9CR5u+IXYdiseeEuXCVAjS54zqwkLcPNnmU4OeJ6tUrWhDw==}
    engines: {node: '>=0.10.0'}
    dev: false

  /svelte@4.2.12:
    resolution: {integrity: sha512-d8+wsh5TfPwqVzbm4/HCXC783/KPHV60NvwitJnyTA5lWn1elhXMNWhXGCJ7PwPa8qFUnyJNIyuIRt2mT0WMug==}
    engines: {node: '>=16'}
    dependencies:
      '@ampproject/remapping': 2.3.0
      '@jridgewell/sourcemap-codec': 1.4.15
      '@jridgewell/trace-mapping': 0.3.25
      '@types/estree': 1.0.5
      acorn: 8.11.3
      aria-query: 5.3.0
      axobject-query: 4.0.0
      code-red: 1.0.4
      css-tree: 2.3.1
      estree-walker: 3.0.3
      is-reference: 3.0.2
      locate-character: 3.0.0
      magic-string: 0.30.8
      periscopic: 3.1.0
    dev: false

  /three-mesh-bvh@0.7.3(three@0.162.0):
    resolution: {integrity: sha512-3W6KjzmupjfE89GuHPT31kxKWZ4YGZPEZJNysJpiOZfQRsBQQgmK7v/VJPpjG6syhAvTnY+5Fr77EvIkTLpGSw==}
    peerDependencies:
      three: '>= 0.151.0'
    dependencies:
      three: 0.162.0
    dev: false

  /three-perf@1.0.10(three@0.162.0):
    resolution: {integrity: sha512-lCur/i8U6m0ysWYhQ1yFGWOZB0QA2oVsDsfynYd65HhXxLxJfiAt8OsXmpv9PnTLacfaZclBcZHUOB9QKk3eaw==}
    peerDependencies:
      three: '>=0.151'
    dependencies:
      three: 0.162.0
      troika-three-text: 0.47.2(three@0.162.0)
      tweakpane: 3.1.10
    dev: false

  /three@0.162.0:
    resolution: {integrity: sha512-xfCYj4RnlozReCmUd+XQzj6/5OjDNHBy5nT6rVwrOKGENAvpXe2z1jL+DZYaMu4/9pNsjH/4Os/VvS9IrH7IOQ==}
    dev: false

  /troika-three-text@0.47.2(three@0.162.0):
    resolution: {integrity: sha512-qylT0F+U7xGs+/PEf3ujBdJMYWbn0Qci0kLqI5BJG2kW1wdg4T1XSxneypnF05DxFqJhEzuaOR9S2SjiyknMng==}
    peerDependencies:
      three: '>=0.125.0'
    dependencies:
      bidi-js: 1.0.3
      three: 0.162.0
      troika-three-utils: 0.47.2(three@0.162.0)
      troika-worker-utils: 0.47.2
      webgl-sdf-generator: 1.1.1
    dev: false

  /troika-three-text@0.49.0(three@0.162.0):
    resolution: {integrity: sha512-sn9BNC6eIX8OO3iAkPwjecJ7Pn21Ve8P1UNFMNeQzXx759rrqS4i4pSZs7FLMYdWyCKVXBFGimBySFwRKLjq/Q==}
    peerDependencies:
      three: '>=0.125.0'
    dependencies:
      bidi-js: 1.0.3
      three: 0.162.0
      troika-three-utils: 0.49.0(three@0.162.0)
      troika-worker-utils: 0.49.0
      webgl-sdf-generator: 1.1.1
    dev: false

  /troika-three-utils@0.47.2(three@0.162.0):
    resolution: {integrity: sha512-/28plhCxfKtH7MSxEGx8e3b/OXU5A0xlwl+Sbdp0H8FXUHKZDoksduEKmjQayXYtxAyuUiCRunYIv/8Vi7aiyg==}
    peerDependencies:
      three: '>=0.125.0'
    dependencies:
      three: 0.162.0
    dev: false

  /troika-three-utils@0.49.0(three@0.162.0):
    resolution: {integrity: sha512-umitFL4cT+Fm/uONmaQEq4oZlyRHWwVClaS6ZrdcueRvwc2w+cpNQ47LlJKJswpqtMFWbEhOLy0TekmcPZOdYA==}
    peerDependencies:
      three: '>=0.125.0'
    dependencies:
      three: 0.162.0
    dev: false

  /troika-worker-utils@0.47.2:
    resolution: {integrity: sha512-mzss4MeyzUkYBppn4x5cdAqrhBHFEuVmMMgLMTyFV23x6GvQMyo+/R5E5Lsbrt7WSt5RfvewjcwD1DChRTA9lA==}
    dev: false

  /troika-worker-utils@0.49.0:
    resolution: {integrity: sha512-1xZHoJrG0HFfCvT/iyN41DvI/nRykiBtHqFkGaGgJwq5iXfIZFBiPPEHFpPpgyKM3Oo5ITHXP5wM2TNQszYdVg==}
    dev: false

  /tweakpane@3.1.10:
    resolution: {integrity: sha512-rqwnl/pUa7+inhI2E9ayGTqqP0EPOOn/wVvSWjZsRbZUItzNShny7pzwL3hVlaN4m9t/aZhsP0aFQ9U5VVR2VQ==}
    dev: false

  /webgl-sdf-generator@1.1.1:
    resolution: {integrity: sha512-9Z0JcMTFxeE+b2x1LJTdnaT8rT8aEp7MVxkNwoycNmJWwPdzoXzMh0BjJSh/AEFP+KPYZUli814h8bJZFIZ2jA==}
    dev: false
